
Microsoft Visual Studio Solution File, Format Version 12.00
# Visual Studio 2013
VisualStudioVersion = 12.0.30723.0
MinimumVisualStudioVersion = 10.0.40219.1
Project("{FAE04EC0-301F-11D3-BF4B-00C04F79EFBC}") = "Blogg", "WebApplication3\Blogg.csproj", "{045F4E8F-92D4-4C3F-A7C1-D1D9BD737ACE}"
EndProject
Project("{FAE04EC0-301F-11D3-BF4B-00C04F79EFBC}") = "BloggTest", "BloggTest\BloggTest.csproj", "{04A855DA-B27E-4433-9652-292E36FDE2E4}"
EndProject
Global
	GlobalSection(SolutionConfigurationPlatforms) = preSolution
		Debug|Any CPU = Debug|Any CPU
		Release|Any CPU = Release|Any CPU
	EndGlobalSection
	GlobalSection(ProjectConfigurationPlatforms) = postSolution
		{045F4E8F-92D4-4C3F-A7C1-D1D9BD737ACE}.Debug|Any CPU.ActiveCfg = Debug|Any CPU
		{045F4E8F-92D4-4C3F-A7C1-D1D9BD737ACE}.Debug|Any CPU.Build.0 = Debug|Any CPU
		{045F4E8F-92D4-4C3F-A7C1-D1D9BD737ACE}.Release|Any CPU.ActiveCfg = Release|Any CPU
		{045F4E8F-92D4-4C3F-A7C1-D1D9BD737ACE}.Release|Any CPU.Build.0 = Release|Any CPU
		{04A855DA-B27E-4433-9652-292E36FDE2E4}.Debug|Any CPU.ActiveCfg = Debug|Any CPU
		{04A855DA-B27E-4433-9652-292E36FDE2E4}.Debug|Any CPU.Build.0 = Debug|Any CPU
		{04A855DA-B27E-4433-9652-292E36FDE2E4}.Release|Any CPU.ActiveCfg = Release|Any CPU
		{04A855DA-B27E-4433-9652-292E36FDE2E4}.Release|Any CPU.Build.0 = Release|Any CPU
	EndGlobalSection
	GlobalSection(SolutionProperties) = preSolution
		HideSolutionNode = FALSE
	EndGlobalSection
EndGlobal
